
Microsoft Visual Studio Solution File, Format Version 12.00
# Visual Studio Version 17
VisualStudioVersion = 17.4.33110.190
MinimumVisualStudioVersion = 10.0.40219.1
Project("{FAE04EC0-301F-11D3-BF4B-00C04F79EFBC}") = "HelloWorld", "HelloWorld\HelloWorld.csproj", "{C0127422-B11E-473E-A8DB-D5798259690F}"
EndProject
Global
	GlobalSection(SolutionConfigurationPlatforms) = preSolution
		Debug|Any CPU = Debug|Any CPU
		Release|Any CPU = Release|Any CPU
	EndGlobalSection
	GlobalSection(ProjectConfigurationPlatforms) = postSolution
		{C0127422-B11E-473E-A8DB-D5798259690F}.Debug|Any CPU.ActiveCfg = Debug|Any CPU
		{C0127422-B11E-473E-A8DB-D5798259690F}.Debug|Any CPU.Build.0 = Debug|Any CPU
		{C0127422-B11E-473E-A8DB-D5798259690F}.Release|Any CPU.ActiveCfg = Release|Any CPU
		{C0127422-B11E-473E-A8DB-D5798259690F}.Release|Any CPU.Build.0 = Release|Any CPU
	EndGlobalSection
	GlobalSection(SolutionProperties) = preSolution
		HideSolutionNode = FALSE
	EndGlobalSection
	GlobalSection(ExtensibilityGlobals) = postSolution
		SolutionGuid = {841853C5-B9EF-49E5-BBE6-DBA2E12428C3}
	EndGlobalSection
EndGlobal
